
Microsoft Visual Studio Solution File, Format Version 12.00
# Visual Studio 15
VisualStudioVersion = 15.0.28307.329
MinimumVisualStudioVersion = 10.0.40219.1
Project("{FAE04EC0-301F-11D3-BF4B-00C04F79EFBC}") = "Csharp-Farah", "Csharp-Farah\Csharp-Farah.csproj", "{0DC6A05E-1F8F-48C3-9C4F-BF71278B4BA4}"
EndProject
Global
	GlobalSection(SolutionConfigurationPlatforms) = preSolution
		Debug|Any CPU = Debug|Any CPU
		Release|Any CPU = Release|Any CPU
	EndGlobalSection
	GlobalSection(ProjectConfigurationPlatforms) = postSolution
		{0DC6A05E-1F8F-48C3-9C4F-BF71278B4BA4}.Debug|Any CPU.ActiveCfg = Debug|Any CPU
		{0DC6A05E-1F8F-48C3-9C4F-BF71278B4BA4}.Debug|Any CPU.Build.0 = Debug|Any CPU
		{0DC6A05E-1F8F-48C3-9C4F-BF71278B4BA4}.Release|Any CPU.ActiveCfg = Release|Any CPU
		{0DC6A05E-1F8F-48C3-9C4F-BF71278B4BA4}.Release|Any CPU.Build.0 = Release|Any CPU
	EndGlobalSection
	GlobalSection(SolutionProperties) = preSolution
		HideSolutionNode = FALSE
	EndGlobalSection
	GlobalSection(ExtensibilityGlobals) = postSolution
		SolutionGuid = {CFF4FF8F-B96B-4F9E-B507-891AB568EE23}
	EndGlobalSection
EndGlobal
